
Microsoft Visual Studio Solution File, Format Version 12.00
# Visual Studio Version 16
VisualStudioVersion = 16.0.32602.290
MinimumVisualStudioVersion = 10.0.40219.1
Project("{FAE04EC0-301F-11D3-BF4B-00C04F79EFBC}") = "WinFormGit", "WinFormGit\WinFormGit.csproj", "{0C719F26-A4DF-44C1-8FD4-C047639A1D44}"
EndProject
Global
	GlobalSection(SolutionConfigurationPlatforms) = preSolution
		Debug|Any CPU = Debug|Any CPU
		Release|Any CPU = Release|Any CPU
	EndGlobalSection
	GlobalSection(ProjectConfigurationPlatforms) = postSolution
		{0C719F26-A4DF-44C1-8FD4-C047639A1D44}.Debug|Any CPU.ActiveCfg = Debug|Any CPU
		{0C719F26-A4DF-44C1-8FD4-C047639A1D44}.Debug|Any CPU.Build.0 = Debug|Any CPU
		{0C719F26-A4DF-44C1-8FD4-C047639A1D44}.Release|Any CPU.ActiveCfg = Release|Any CPU
		{0C719F26-A4DF-44C1-8FD4-C047639A1D44}.Release|Any CPU.Build.0 = Release|Any CPU
	EndGlobalSection
	GlobalSection(SolutionProperties) = preSolution
		HideSolutionNode = FALSE
	EndGlobalSection
	GlobalSection(ExtensibilityGlobals) = postSolution
		SolutionGuid = {D79C51D4-5CFE-4DF7-9996-A8D6E4B37B49}
	EndGlobalSection
EndGlobal
